
Microsoft Visual Studio Solution File, Format Version 12.00
# Visual Studio Version 17
VisualStudioVersion = 17.5.33530.505
MinimumVisualStudioVersion = 10.0.40219.1
Project("{9A19103F-16F7-4668-BE54-9A1E7A4F7556}") = "YoloV8", "YoloV8\YoloV8.csproj", "{B6F82D56-FB43-486E-89AB-2A13492D6EED}"
EndProject
Project("{9A19103F-16F7-4668-BE54-9A1E7A4F7556}") = "YoloV8.Demo", "YoloV8.Demo\YoloV8.Demo.csproj", "{BCCB458B-B931-40B3-A507-C7F15EC62CA8}"
EndProject
Project("{FAE04EC0-301F-11D3-BF4B-00C04F79EFBC}") = "YoloV8.Tests", "YoloV8.Tests\YoloV8.Tests.csproj", "{8C61DBE3-02E9-40B2-B16E-AA4A16540306}"
EndProject
Global
	GlobalSection(SolutionConfigurationPlatforms) = preSolution
		Debug|Any CPU = Debug|Any CPU
		Release|Any CPU = Release|Any CPU
	EndGlobalSection
	GlobalSection(ProjectConfigurationPlatforms) = postSolution
		{B6F82D56-FB43-486E-89AB-2A13492D6EED}.Debug|Any CPU.ActiveCfg = Debug|Any CPU
		{B6F82D56-FB43-486E-89AB-2A13492D6EED}.Debug|Any CPU.Build.0 = Debug|Any CPU
		{B6F82D56-FB43-486E-89AB-2A13492D6EED}.Release|Any CPU.ActiveCfg = Release|Any CPU
		{B6F82D56-FB43-486E-89AB-2A13492D6EED}.Release|Any CPU.Build.0 = Release|Any CPU
		{BCCB458B-B931-40B3-A507-C7F15EC62CA8}.Debug|Any CPU.ActiveCfg = Debug|Any CPU
		{BCCB458B-B931-40B3-A507-C7F15EC62CA8}.Debug|Any CPU.Build.0 = Debug|Any CPU
		{BCCB458B-B931-40B3-A507-C7F15EC62CA8}.Release|Any CPU.ActiveCfg = Release|Any CPU
		{BCCB458B-B931-40B3-A507-C7F15EC62CA8}.Release|Any CPU.Build.0 = Release|Any CPU
		{8C61DBE3-02E9-40B2-B16E-AA4A16540306}.Debug|Any CPU.ActiveCfg = Debug|Any CPU
		{8C61DBE3-02E9-40B2-B16E-AA4A16540306}.Debug|Any CPU.Build.0 = Debug|Any CPU
		{8C61DBE3-02E9-40B2-B16E-AA4A16540306}.Release|Any CPU.ActiveCfg = Release|Any CPU
		{8C61DBE3-02E9-40B2-B16E-AA4A16540306}.Release|Any CPU.Build.0 = Release|Any CPU
	EndGlobalSection
	GlobalSection(SolutionProperties) = preSolution
		HideSolutionNode = FALSE
	EndGlobalSection
	GlobalSection(ExtensibilityGlobals) = postSolution
		SolutionGuid = {5E1EB827-6D53-4804-8E50-3785BDD9792C}
	EndGlobalSection
EndGlobal
